
Microsoft Visual Studio Solution File, Format Version 12.00
# Visual Studio Version 17
VisualStudioVersion = 17.14.36518.9
MinimumVisualStudioVersion = 10.0.40219.1
Project("{FAE04EC0-301F-11D3-BF4B-00C04F79EFBC}") = "LavenderSpiritAPI", "LavenderSpiritAPI\LavenderSpiritAPI.csproj", "{2D768736-5BD5-487B-ABF6-38789A1585FB}"
EndProject
Global
	GlobalSection(SolutionConfigurationPlatforms) = preSolution
		Debug|Any CPU = Debug|Any CPU
		Release|Any CPU = Release|Any CPU
	EndGlobalSection
	GlobalSection(ProjectConfigurationPlatforms) = postSolution
		{2D768736-5BD5-487B-ABF6-38789A1585FB}.Debug|Any CPU.ActiveCfg = Debug|Any CPU
		{2D768736-5BD5-487B-ABF6-38789A1585FB}.Debug|Any CPU.Build.0 = Debug|Any CPU
		{2D768736-5BD5-487B-ABF6-38789A1585FB}.Release|Any CPU.ActiveCfg = Release|Any CPU
		{2D768736-5BD5-487B-ABF6-38789A1585FB}.Release|Any CPU.Build.0 = Release|Any CPU
	EndGlobalSection
	GlobalSection(SolutionProperties) = preSolution
		HideSolutionNode = FALSE
	EndGlobalSection
	GlobalSection(ExtensibilityGlobals) = postSolution
		SolutionGuid = {E790BF46-D786-4CF5-AAC7-C7833563CE9B}
	EndGlobalSection
EndGlobal
